{
  "requires": true,
  "lockfileVersion": 1,
  "dependencies": {
    "eslint-plugin-promise": {
      "version": "4.3.1",
      "resolved": "https://registry.npmjs.org/eslint-plugin-promise/-/eslint-plugin-promise-4.3.1.tgz",
      "integrity": "sha512-bY2sGqyptzFBDLh/GMbAxfdJC+b0f23ME63FOE4+Jao0oZ3E1LEwFtWJX/1pGMJLiTtrSSern2CRM/g+dfc0eQ==",
      "dev": true
    }
  }
}
